{
  "version": 4,
  "terraform_version": "1.1.9",
  "serial": 8,
  "lineage": "f52124e4-73ae-53d0-a7aa-a896c9d06f13",
  "outputs": {
    "default_domain": {
      "value": "d1cggg2cfai2ye.amplifyapp.com",
      "type": "string"
    }
  },
  "resources": [
    {
      "mode": "managed",
      "type": "aws_amplify_app",
      "name": "react_app",
      "provider": "provider[\"registry.terraform.io/hashicorp/aws\"]",
      "instances": [
        {
          "schema_version": 0,
          "attributes": {
            "access_token": "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",
            "arn": "arn:aws:amplify:eu-west-1:296274010522:apps/d1cggg2cfai2ye",
            "auto_branch_creation_config": [],
            "auto_branch_creation_patterns": [],
            "basic_auth_credentials": "",
            "build_spec": "version: 0.1\r\nfrontend:\r\n  phases:\r\n    preBuild:\r\n      commands:\r\n        - npm install\r\n    build:\r\n      commands:\r\n        - npm run build\r\n  artifacts:\r\n    baseDirectory: public\r\n    files:\r\n      - '**/*'\r\n  cache:\r\n    paths:\r\n      - node_modules/**/*\r\n",
            "custom_rule": [
              {
                "condition": "",
                "source": "/\u003c*\u003e",
                "status": "404",
                "target": "../amplifyapp/public/index.html"
              }
            ],
            "default_domain": "d1cggg2cfai2ye.amplifyapp.com",
            "description": "",
            "enable_auto_branch_creation": false,
            "enable_basic_auth": false,
            "enable_branch_auto_build": false,
            "enable_branch_auto_deletion": false,
            "environment_variables": {
              "ENV": "test"
            },
            "iam_service_role_arn": "",
            "id": "d1cggg2cfai2ye",
            "name": "terraform-react-app",
            "oauth_token": null,
            "platform": "WEB",
            "production_branch": [],
            "repository": "https://github.com/NQ-edile/cloud-amplify-terrafrom",
            "tags": {},
            "tags_all": {}
          },
          "sensitive_attributes": [],
          "private": "bnVsbA=="
        }
      ]
    },
    {
      "mode": "managed",
      "type": "aws_amplify_branch",
      "name": "main",
      "provider": "provider[\"registry.terraform.io/hashicorp/aws\"]",
      "instances": [
        {
          "schema_version": 0,
          "attributes": {
            "app_id": "d1cggg2cfai2ye",
            "arn": "arn:aws:amplify:eu-west-1:296274010522:apps/d1cggg2cfai2ye/branches/main",
            "associated_resources": [],
            "backend_environment_arn": "",
            "basic_auth_credentials": "",
            "branch_name": "main",
            "custom_domains": [],
            "description": "",
            "destination_branch": "",
            "display_name": "main",
            "enable_auto_build": true,
            "enable_basic_auth": false,
            "enable_notification": false,
            "enable_performance_mode": false,
            "enable_pull_request_preview": false,
            "environment_variables": {},
            "framework": "",
            "id": "d1cggg2cfai2ye/main",
            "pull_request_environment_name": "",
            "source_branch": "",
            "stage": "NONE",
            "tags": {},
            "tags_all": {},
            "ttl": "5"
          },
          "sensitive_attributes": [],
          "private": "bnVsbA==",
          "dependencies": [
            "aws_amplify_app.react_app"
          ]
        }
      ]
    }
  ]
}
